// !$*UTF8*$!
{
	archiveVersion = 1;
	classes = {
	};
	objectVersion = 48;
	objects = {

/* Begin PBXBuildFile section */
		4DEAC5AB1F0FB5050064CD67 /* AppDelegate.swift in Sources */ = {isa = PBXBuildFile; fileRef = 4DEAC5AA1F0FB5050064CD67 /* AppDelegate.swift */; };
		4DEAC5AD1F0FB5050064CD67 /* ViewController.swift in Sources */ = {isa = PBXBuildFile; fileRef = 4DEAC5AC1F0FB5050064CD67 /* ViewController.swift */; };
		4DEAC5B01F0FB5050064CD67 /* Main.storyboard in Resources */ = {isa = PBXBuildFile; fileRef = 4DEAC5AE1F0FB5050064CD67 /* Main.storyboard */; };
		4DEAC5B21F0FB5050064CD67 /* Assets.xcassets in Resources */ = {isa = PBXBuildFile; fileRef = 4DEAC5B11F0FB5050064CD67 /* Assets.xcassets */; };
		4DEAC5BD1F0FB5050064CD67 /* ClockTests.swift in Sources */ = {isa = PBXBuildFile; fileRef = 4DEAC5BC1F0FB5050064CD67 /* ClockTests.swift */; };
/* End PBXBuildFile section */

/* Begin PBXContainerItemProxy section */
		4DEAC5B91F0FB5050064CD67 /* PBXContainerItemProxy */ = {
			isa = PBXContainerItemProxy;
			containerPortal = 4DEAC59F1F0FB5050064CD67 /* Project object */;
			proxyType = 1;
			remoteGlobalIDString = 4DEAC5A61F0FB5050064CD67;
			remoteInfo = Clock;
		};
/* End PBXContainerItemProxy section */

/* Begin PBXFileReference section */
		4DEAC5A71F0FB5050064CD67 /* Clock.app */ = {isa = PBXFileReference; explicitFileType = wrapper.application; includeInIndex = 0; path = Clock.app; sourceTree = BUILT_PRODUCTS_DIR; };
		4DEAC5AA1F0FB5050064CD67 /* AppDelegate.swift */ = {isa = PBXFileReference; lastKnownFileType = sourcecode.swift; path = AppDelegate.swift; sourceTree = "<group>"; };
		4DEAC5AC1F0FB5050064CD67 /* ViewController.swift */ = {isa = PBXFileReference; lastKnownFileType = sourcecode.swift; path = ViewController.swift; sourceTree = "<group>"; };
		4DEAC5AF1F0FB5050064CD67 /* Base */ = {isa = PBXFileReference; lastKnownFileType = file.storyboard; name = Base; path = Base.lproj/Main.storyboard; sourceTree = "<group>"; };
		4DEAC5B11F0FB5050064CD67 /* Assets.xcassets */ = {isa = PBXFileReference; lastKnownFileType = folder.assetcatalog; path = Assets.xcassets; sourceTree = "<group>"; };
		4DEAC5B31F0FB5050064CD67 /* Info.plist */ = {isa = PBXFileReference; lastKnownFileType = text.plist.xml; path = Info.plist; sourceTree = "<group>"; };
		4DEAC5B81F0FB5050064CD67 /* ClockTests.xctest */ = {isa = PBXFileReference; explicitFileType = wrapper.cfbundle; includeInIndex = 0; path = ClockTests.xctest; sourceTree = BUILT_PRODUCTS_DIR; };
		4DEAC5BC1F0FB5050064CD67 /* ClockTests.swift */ = {isa = PBXFileReference; lastKnownFileType = sourcecode.swift; path = ClockTests.swift; sourceTree = "<group>"; };
		4DEAC5BE1F0FB5050064CD67 /* Info.plist */ = {isa = PBXFileReference; lastKnownFileType = text.plist.xml; path = Info.plist; sourceTree = "<group>"; };
/* End PBXFileReference section */

/* Begin PBXFrameworksBuildPhase section */
		4DEAC5A41F0FB5050064CD67 /* Frameworks */ = {
			isa = PBXFrameworksBuildPhase;
			buildActionMask = 2147483647;
			files = (
			);
			runOnlyForDeploymentPostprocessing = 0;
		};
		4DEAC5B51F0FB5050064CD67 /* Frameworks */ = {
			isa = PBXFrameworksBuildPhase;
			buildActionMask = 2147483647;
			files = (
			);
			runOnlyForDeploymentPostprocessing = 0;
		};
/* End PBXFrameworksBuildPhase section */

/* Begin PBXGroup section */
		4DEAC59E1F0FB5050064CD67 = {
			isa = PBXGroup;
			children = (
				4DEAC5A91F0FB5050064CD67 /* Clock */,
				4DEAC5BB1F0FB5050064CD67 /* ClockTests */,
				4DEAC5A81F0FB5050064CD67 /* Products */,
			);
			sourceTree = "<group>";
		};
		4DEAC5A81F0FB5050064CD67 /* Products */ = {
			isa = PBXGroup;
			children = (
				4DEAC5A71F0FB5050064CD67 /* Clock.app */,
				4DEAC5B81F0FB5050064CD67 /* ClockTests.xctest */,
			);
			name = Products;
			sourceTree = "<group>";
		};
		4DEAC5A91F0FB5050064CD67 /* Clock */ = {
			isa = PBXGroup;
			children = (
				4DEAC5AA1F0FB5050064CD67 /* AppDelegate.swift */,
				4DEAC5AC1F0FB5050064CD67 /* ViewController.swift */,
				4DEAC5AE1F0FB5050064CD67 /* Main.storyboard */,
				4DEAC5B11F0FB5050064CD67 /* Assets.xcassets */,
				4DEAC5B31F0FB5050064CD67 /* Info.plist */,
			);
			path = Clock;
			sourceTree = "<group>";
		};
		4DEAC5BB1F0FB5050064CD67 /* ClockTests */ = {
			isa = PBXGroup;
			children = (
				4DEAC5BC1F0FB5050064CD67 /* ClockTests.swift */,
				4DEAC5BE1F0FB5050064CD67 /* Info.plist */,
			);
			path = ClockTests;
			sourceTree = "<group>";
		};
/* End PBXGroup section */

/* Begin PBXNativeTarget section */
		4DEAC5A61F0FB5050064CD67 /* Clock */ = {
			isa = PBXNativeTarget;
			buildConfigurationList = 4DEAC5C11F0FB5050064CD67 /* Build configuration list for PBXNativeTarget "Clock" */;
			buildPhases = (
				4DEAC5A31F0FB5050064CD67 /* Sources */,
				4DEAC5A41F0FB5050064CD67 /* Frameworks */,
				4DEAC5A51F0FB5050064CD67 /* Resources */,
			);
			buildRules = (
			);
			dependencies = (
			);
			name = Clock;
			productName = Clock;
			productReference = 4DEAC5A71F0FB5050064CD67 /* Clock.app */;
			productType = "com.apple.product-type.application";
		};
		4DEAC5B71F0FB5050064CD67 /* ClockTests */ = {
			isa = PBXNativeTarget;
			buildConfigurationList = 4DEAC5C41F0FB5050064CD67 /* Build configuration list for PBXNativeTarget "ClockTests" */;
			buildPhases = (
				4DEAC5B41F0FB5050064CD67 /* Sources */,
				4DEAC5B51F0FB5050064CD67 /* Frameworks */,
				4DEAC5B61F0FB5050064CD67 /* Resources */,
			);
			buildRules = (
			);
			dependencies = (
				4DEAC5BA1F0FB5050064CD67 /* PBXTargetDependency */,
			);
			name = ClockTests;
			productName = ClockTests;
			productReference = 4DEAC5B81F0FB5050064CD67 /* ClockTests.xctest */;
			productType = "com.apple.product-type.bundle.unit-test";
		};
/* End PBXNativeTarget section */

/* Begin PBXProject section */
		4DEAC59F1F0FB5050064CD67 /* Project object */ = {
			isa = PBXProject;
			attributes = {
				LastSwiftUpdateCheck = 0900;
				LastUpgradeCheck = 0900;
				ORGANIZATIONNAME = "Vincent Coetzee";
				TargetAttributes = {
					4DEAC5A61F0FB5050064CD67 = {
						CreatedOnToolsVersion = 9.0;
					};
					4DEAC5B71F0FB5050064CD67 = {
						CreatedOnToolsVersion = 9.0;
						TestTargetID = 4DEAC5A61F0FB5050064CD67;
					};
				};
			};
			buildConfigurationList = 4DEAC5A21F0FB5050064CD67 /* Build configuration list for PBXProject "Clock" */;
			compatibilityVersion = "Xcode 8.0";
			developmentRegion = en;
			hasScannedForEncodings = 0;
			knownRegions = (
				en,
				Base,
			);
			mainGroup = 4DEAC59E1F0FB5050064CD67;
			productRefGroup = 4DEAC5A81F0FB5050064CD67 /* Products */;
			projectDirPath = "";
			projectRoot = "";
			targets = (
				4DEAC5A61F0FB5050064CD67 /* Clock */,
				4DEAC5B71F0FB5050064CD67 /* ClockTests */,
			);
		};
/* End PBXProject section */

/* Begin PBXResourcesBuildPhase section */
		4DEAC5A51F0FB5050064CD67 /* Resources */ = {
			isa = PBXResourcesBuildPhase;
			buildActionMask = 2147483647;
			files = (
				4DEAC5B21F0FB5050064CD67 /* Assets.xcassets in Resources */,
				4DEAC5B01F0FB5050064CD67 /* Main.storyboard in Resources */,
			);
			runOnlyForDeploymentPostprocessing = 0;
		};
		4DEAC5B61F0FB5050064CD67 /* Resources */ = {
			isa = PBXResourcesBuildPhase;
			buildActionMask = 2147483647;
			files = (
			);
			runOnlyForDeploymentPostprocessing = 0;
		};
/* End PBXResourcesBuildPhase section */

/* Begin PBXSourcesBuildPhase section */
		4DEAC5A31F0FB5050064CD67 /* Sources */ = {
			isa = PBXSourcesBuildPhase;
			buildActionMask = 2147483647;
			files = (
				4DEAC5AD1F0FB5050064CD67 /* ViewController.swift in Sources */,
				4DEAC5AB1F0FB5050064CD67 /* AppDelegate.swift in Sources */,
			);
			runOnlyForDeploymentPostprocessing = 0;
		};
		4DEAC5B41F0FB5050064CD67 /* Sources */ = {
			isa = PBXSourcesBuildPhase;
			buildActionMask = 2147483647;
			files = (
				4DEAC5BD1F0FB5050064CD67 /* ClockTests.swift in Sources */,
			);
			runOnlyForDeploymentPostprocessing = 0;
		};
/* End PBXSourcesBuildPhase section */

/* Begin PBXTargetDependency section */
		4DEAC5BA1F0FB5050064CD67 /* PBXTargetDependency */ = {
			isa = PBXTargetDependency;
			target = 4DEAC5A61F0FB5050064CD67 /* Clock */;
			targetProxy = 4DEAC5B91F0FB5050064CD67 /* PBXContainerItemProxy */;
		};
/* End PBXTargetDependency section */

/* Begin PBXVariantGroup section */
		4DEAC5AE1F0FB5050064CD67 /* Main.storyboard */ = {
			isa = PBXVariantGroup;
			children = (
				4DEAC5AF1F0FB5050064CD67 /* Base */,
			);
			name = Main.storyboard;
			sourceTree = "<group>";
		};
/* End PBXVariantGroup section */

/* Begin XCBuildConfiguration section */
		4DEAC5BF1F0FB5050064CD67 /* Debug */ = {
			isa = XCBuildConfiguration;
			buildSettings = {
				ALWAYS_SEARCH_USER_PATHS = NO;
				CLANG_ANALYZER_NONNULL = YES;
				CLANG_ANALYZER_NUMBER_OBJECT_CONVERSION = YES_AGGRESSIVE;
				CLANG_CXX_LANGUAGE_STANDARD = "gnu++14";
				CLANG_CXX_LIBRARY = "libc++";
				CLANG_ENABLE_MODULES = YES;
				CLANG_ENABLE_OBJC_ARC = YES;
				CLANG_WARN_BLOCK_CAPTURE_AUTORELEASING = YES;
				CLANG_WARN_BOOL_CONVERSION = YES;
				CLANG_WARN_COMMA = YES;
				CLANG_WARN_CONSTANT_CONVERSION = YES;
				CLANG_WARN_DIRECT_OBJC_ISA_USAGE = YES_ERROR;
				CLANG_WARN_DOCUMENTATION_COMMENTS = YES;
				CLANG_WARN_EMPTY_BODY = YES;
				CLANG_WARN_ENUM_CONVERSION = YES;
				CLANG_WARN_INFINITE_RECURSION = YES;
				CLANG_WARN_INT_CONVERSION = YES;
				CLANG_WARN_OBJC_ROOT_CLASS = YES_ERROR;
				CLANG_WARN_RANGE_LOOP_ANALYSIS = YES;
				CLANG_WARN_STRICT_PROTOTYPES = YES;
				CLANG_WARN_SUSPICIOUS_MOVE = YES;
				CLANG_WARN_UNGUARDED_AVAILABILITY = YES_AGGRESSIVE;
				CLANG_WARN_UNREACHABLE_CODE = YES;
				CLANG_WARN__DUPLICATE_METHOD_MATCH = YES;
				COPY_PHASE_STRIP = NO;
				DEBUG_INFORMATION_FORMAT = dwarf;
				ENABLE_STRICT_OBJC_MSGSEND = YES;
				ENABLE_TESTABILITY = YES;
				GCC_C_LANGUAGE_STANDARD = gnu11;
				GCC_DYNAMIC_NO_PIC = NO;
				GCC_NO_COMMON_BLOCKS = YES;
				GCC_OPTIMIZATION_LEVEL = 0;
				GCC_PREPROCESSOR_DEFINITIONS = (
					"DEBUG=1",
					"$(inherited)",
				);
				GCC_WARN_64_TO_32_BIT_CONVERSION = YES;
				GCC_WARN_ABOUT_RETURN_TYPE = YES_ERROR;
				GCC_WARN_UNDECLARED_SELECTOR = YES;
				GCC_WARN_UNINITIALIZED_AUTOS = YES_AGGRESSIVE;
				GCC_WARN_UNUSED_FUNCTION = YES;
				GCC_WARN_UNUSED_VARIABLE = YES;
				MTL_ENABLE_DEBUG_INFO = YES;
				ONLY_ACTIVE_ARCH = YES;
				SDKROOT = appletvos;
				SWIFT_ACTIVE_COMPILATION_CONDITIONS = DEBUG;
				SWIFT_OPTIMIZATION_LEVEL = "-Onone";
				TVOS_DEPLOYMENT_TARGET = 11.0;
			};
			name = Debug;
		};
		4DEAC5C01F0FB5050064CD67 /* Release */ = {
			isa = XCBuildConfiguration;
			buildSettings = {
				ALWAYS_SEARCH_USER_PATHS = NO;
				CLANG_ANALYZER_NONNULL = YES;
				CLANG_ANALYZER_NUMBER_OBJECT_CONVERSION = YES_AGGRESSIVE;
				CLANG_CXX_LANGUAGE_STANDARD = "gnu++14";
				CLANG_CXX_LIBRARY = "libc++";
				CLANG_ENABLE_MODULES = YES;
				CLANG_ENABLE_OBJC_ARC = YES;
				CLANG_WARN_BLOCK_CAPTURE_AUTORELEASING = YES;
				CLANG_WARN_BOOL_CONVERSION = YES;
				CLANG_WARN_COMMA = YES;
				CLANG_WARN_CONSTANT_CONVERSION = YES;
				CLANG_WARN_DIRECT_OBJC_ISA_USAGE = YES_ERROR;
				CLANG_WARN_DOCUMENTATION_COMMENTS = YES;
				CLANG_WARN_EMPTY_BODY = YES;
				CLANG_WARN_ENUM_CONVERSION = YES;
				CLANG_WARN_INFINITE_RECURSION = YES;
				CLANG_WARN_INT_CONVERSION = YES;
				CLANG_WARN_OBJC_ROOT_CLASS = YES_ERROR;
				CLANG_WARN_RANGE_LOOP_ANALYSIS = YES;
				CLANG_WARN_STRICT_PROTOTYPES = YES;
				CLANG_WARN_SUSPICIOUS_MOVE = YES;
				CLANG_WARN_UNGUARDED_AVAILABILITY = YES_AGGRESSIVE;
				CLANG_WARN_UNREACHABLE_CODE = YES;
				CLANG_WARN__DUPLICATE_METHOD_MATCH = YES;
				COPY_PHASE_STRIP = NO;
				DEBUG_INFORMATION_FORMAT = "dwarf-with-dsym";
				ENABLE_NS_ASSERTIONS = NO;
				ENABLE_STRICT_OBJC_MSGSEND = YES;
				GCC_C_LANGUAGE_STANDARD = gnu11;
				GCC_NO_COMMON_BLOCKS = YES;
				GCC_WARN_64_TO_32_BIT_CONVERSION = YES;
				GCC_WARN_ABOUT_RETURN_TYPE = YES_ERROR;
				GCC_WARN_UNDECLARED_SELECTOR = YES;
				GCC_WARN_UNINITIALIZED_AUTOS = YES_AGGRESSIVE;
				GCC_WARN_UNUSED_FUNCTION = YES;
				GCC_WARN_UNUSED_VARIABLE = YES;
				MTL_ENABLE_DEBUG_INFO = NO;
				SDKROOT = appletvos;
				SWIFT_OPTIMIZATION_LEVEL = "-Owholemodule";
				TVOS_DEPLOYMENT_TARGET = 11.0;
				VALIDATE_PRODUCT = YES;
			};
			name = Release;
		};
		4DEAC5C21F0FB5050064CD67 /* Debug */ = {
			isa = XCBuildConfiguration;
			buildSettings = {
				ASSETCATALOG_COMPILER_APPICON_NAME = "App Icon & Top Shelf Image";
				ASSETCATALOG_COMPILER_LAUNCHIMAGE_NAME = LaunchImage;
				DEVELOPMENT_TEAM = DLH9UBQV34;
				INFOPLIST_FILE = Clock/Info.plist;
				LD_RUNPATH_SEARCH_PATHS = "$(inherited) @executable_path/Frameworks";
				PRODUCT_BUNDLE_IDENTIFIER = com.macsemantics.Clock;
				PRODUCT_NAME = "$(TARGET_NAME)";
				SWIFT_VERSION = 4.0;
				TARGETED_DEVICE_FAMILY = 3;
			};
			name = Debug;
		};
		4DEAC5C31F0FB5050064CD67 /* Release */ = {
			isa = XCBuildConfiguration;
			buildSettings = {
				ASSETCATALOG_COMPILER_APPICON_NAME = "App Icon & Top Shelf Image";
				ASSETCATALOG_COMPILER_LAUNCHIMAGE_NAME = LaunchImage;
				DEVELOPMENT_TEAM = DLH9UBQV34;
				INFOPLIST_FILE = Clock/Info.plist;
				LD_RUNPATH_SEARCH_PATHS = "$(inherited) @executable_path/Frameworks";
				PRODUCT_BUNDLE_IDENTIFIER = com.macsemantics.Clock;
				PRODUCT_NAME = "$(TARGET_NAME)";
				SWIFT_VERSION = 4.0;
				TARGETED_DEVICE_FAMILY = 3;
			};
			name = Release;
		};
		4DEAC5C51F0FB5050064CD67 /* Debug */ = {
			isa = XCBuildConfiguration;
			buildSettings = {
				ALWAYS_EMBED_SWIFT_STANDARD_LIBRARIES = YES;
				BUNDLE_LOADER = "$(TEST_HOST)";
				DEVELOPMENT_TEAM = DLH9UBQV34;
				INFOPLIST_FILE = ClockTests/Info.plist;
				LD_RUNPATH_SEARCH_PATHS = "$(inherited) @executable_path/Frameworks @loader_path/Frameworks";
				PRODUCT_BUNDLE_IDENTIFIER = com.macsemantics.ClockTests;
				PRODUCT_NAME = "$(TARGET_NAME)";
				SWIFT_VERSION = 4.0;
				TARGETED_DEVICE_FAMILY = 3;
				TEST_HOST = "$(BUILT_PRODUCTS_DIR)/Clock.app/Clock";
			};
			name = Debug;
		};
		4DEAC5C61F0FB5050064CD67 /* Release */ = {
			isa = XCBuildConfiguration;
			buildSettings = {
				ALWAYS_EMBED_SWIFT_STANDARD_LIBRARIES = YES;
				BUNDLE_LOADER = "$(TEST_HOST)";
				DEVELOPMENT_TEAM = DLH9UBQV34;
				INFOPLIST_FILE = ClockTests/Info.plist;
				LD_RUNPATH_SEARCH_PATHS = "$(inherited) @executable_path/Frameworks @loader_path/Frameworks";
				PRODUCT_BUNDLE_IDENTIFIER = com.macsemantics.ClockTests;
				PRODUCT_NAME = "$(TARGET_NAME)";
				SWIFT_VERSION = 4.0;
				TARGETED_DEVICE_FAMILY = 3;
				TEST_HOST = "$(BUILT_PRODUCTS_DIR)/Clock.app/Clock";
			};
			name = Release;
		};
/* End XCBuildConfiguration section */

/* Begin XCConfigurationList section */
		4DEAC5A21F0FB5050064CD67 /* Build configuration list for PBXProject "Clock" */ = {
			isa = XCConfigurationList;
			buildConfigurations = (
				4DEAC5BF1F0FB5050064CD67 /* Debug */,
				4DEAC5C01F0FB5050064CD67 /* Release */,
			);
			defaultConfigurationIsVisible = 0;
			defaultConfigurationName = Release;
		};
		4DEAC5C11F0FB5050064CD67 /* Build configuration list for PBXNativeTarget "Clock" */ = {
			isa = XCConfigurationList;
			buildConfigurations = (
				4DEAC5C21F0FB5050064CD67 /* Debug */,
				4DEAC5C31F0FB5050064CD67 /* Release */,
			);
			defaultConfigurationIsVisible = 0;
		};
		4DEAC5C41F0FB5050064CD67 /* Build configuration list for PBXNativeTarget "ClockTests" */ = {
			isa = XCConfigurationList;
			buildConfigurations = (
				4DEAC5C51F0FB5050064CD67 /* Debug */,
				4DEAC5C61F0FB5050064CD67 /* Release */,
			);
			defaultConfigurationIsVisible = 0;
		};
/* End XCConfigurationList section */
	};
	rootObject = 4DEAC59F1F0FB5050064CD67 /* Project object */;
}
